
Microsoft Visual Studio Solution File, Format Version 12.00
Project("{2150E333-8FDC-42A3-9474-1A3956D46DE8}") = "src", "src", "{5735DF62-FD60-4923-8C7D-3EBBC1B6CA9C}"
EndProject
Project("{2150E333-8FDC-42A3-9474-1A3956D46DE8}") = "tests", "tests", "{219A11DC-6304-4E11-A105-3F714F9210E0}"
EndProject
Project("{FAE04EC0-301F-11D3-BF4B-00C04F79EFBC}") = "ShellAssist.Tests", "tests\ShellAssist.Tests\ShellAssist.Tests.csproj", "{239DE3E5-EDA8-4094-A0F3-7CE3F2C2C425}"
EndProject
Project("{FAE04EC0-301F-11D3-BF4B-00C04F79EFBC}") = "ShellAssist", "src\ShellAssist\ShellAssist.csproj", "{293F70C8-420F-4CEA-B88D-0E498831B973}"
EndProject
Global
	GlobalSection(SolutionConfigurationPlatforms) = preSolution
		Debug|Any CPU = Debug|Any CPU
		Release|Any CPU = Release|Any CPU
	EndGlobalSection
	GlobalSection(ProjectConfigurationPlatforms) = postSolution
		{239DE3E5-EDA8-4094-A0F3-7CE3F2C2C425}.Debug|Any CPU.ActiveCfg = Debug|Any CPU
		{239DE3E5-EDA8-4094-A0F3-7CE3F2C2C425}.Debug|Any CPU.Build.0 = Debug|Any CPU
		{239DE3E5-EDA8-4094-A0F3-7CE3F2C2C425}.Release|Any CPU.ActiveCfg = Release|Any CPU
		{239DE3E5-EDA8-4094-A0F3-7CE3F2C2C425}.Release|Any CPU.Build.0 = Release|Any CPU
		{293F70C8-420F-4CEA-B88D-0E498831B973}.Debug|Any CPU.ActiveCfg = Debug|Any CPU
		{293F70C8-420F-4CEA-B88D-0E498831B973}.Debug|Any CPU.Build.0 = Debug|Any CPU
		{293F70C8-420F-4CEA-B88D-0E498831B973}.Release|Any CPU.ActiveCfg = Release|Any CPU
		{293F70C8-420F-4CEA-B88D-0E498831B973}.Release|Any CPU.Build.0 = Release|Any CPU
	EndGlobalSection
	GlobalSection(NestedProjects) = preSolution
		{239DE3E5-EDA8-4094-A0F3-7CE3F2C2C425} = {219A11DC-6304-4E11-A105-3F714F9210E0}
		{293F70C8-420F-4CEA-B88D-0E498831B973} = {5735DF62-FD60-4923-8C7D-3EBBC1B6CA9C}
	EndGlobalSection
EndGlobal
